
Microsoft Visual Studio Solution File, Format Version 12.00
# Visual Studio Version 17
VisualStudioVersion = 17.10.34928.147
MinimumVisualStudioVersion = 10.0.40219.1
Project("{9A19103F-16F7-4668-BE54-9A1E7A4F7556}") = "OcpExe", "OcpExe\OcpExe.csproj", "{9467602F-023F-4E23-B0A3-4800788E58F6}"
EndProject
Project("{FAE04EC0-301F-11D3-BF4B-00C04F79EFBC}") = "PlayGround", "PlayGround\PlayGround.csproj", "{BD3D0247-B228-40DF-BA2A-698105496F52}"
EndProject
Project("{FAE04EC0-301F-11D3-BF4B-00C04F79EFBC}") = "PlayGround.SourceGenerator", "PlayGround.SourceGenerator\PlayGround.SourceGenerator.csproj", "{C8B18740-E525-4CAB-B6E3-73EEE0C8F23D}"
EndProject
Global
	GlobalSection(SolutionConfigurationPlatforms) = preSolution
		Debug|Any CPU = Debug|Any CPU
		Release|Any CPU = Release|Any CPU
	EndGlobalSection
	GlobalSection(ProjectConfigurationPlatforms) = postSolution
		{9467602F-023F-4E23-B0A3-4800788E58F6}.Debug|Any CPU.ActiveCfg = Debug|Any CPU
		{9467602F-023F-4E23-B0A3-4800788E58F6}.Debug|Any CPU.Build.0 = Debug|Any CPU
		{9467602F-023F-4E23-B0A3-4800788E58F6}.Release|Any CPU.ActiveCfg = Release|Any CPU
		{9467602F-023F-4E23-B0A3-4800788E58F6}.Release|Any CPU.Build.0 = Release|Any CPU
		{BD3D0247-B228-40DF-BA2A-698105496F52}.Debug|Any CPU.ActiveCfg = Debug|Any CPU
		{BD3D0247-B228-40DF-BA2A-698105496F52}.Debug|Any CPU.Build.0 = Debug|Any CPU
		{BD3D0247-B228-40DF-BA2A-698105496F52}.Release|Any CPU.ActiveCfg = Release|Any CPU
		{BD3D0247-B228-40DF-BA2A-698105496F52}.Release|Any CPU.Build.0 = Release|Any CPU
		{C8B18740-E525-4CAB-B6E3-73EEE0C8F23D}.Debug|Any CPU.ActiveCfg = Debug|Any CPU
		{C8B18740-E525-4CAB-B6E3-73EEE0C8F23D}.Debug|Any CPU.Build.0 = Debug|Any CPU
		{C8B18740-E525-4CAB-B6E3-73EEE0C8F23D}.Release|Any CPU.ActiveCfg = Release|Any CPU
		{C8B18740-E525-4CAB-B6E3-73EEE0C8F23D}.Release|Any CPU.Build.0 = Release|Any CPU
	EndGlobalSection
	GlobalSection(SolutionProperties) = preSolution
		HideSolutionNode = FALSE
	EndGlobalSection
	GlobalSection(ExtensibilityGlobals) = postSolution
		SolutionGuid = {EDD880BA-87E1-4FA7-9969-F6175314CC0C}
	EndGlobalSection
EndGlobal
